
Microsoft Visual Studio Solution File, Format Version 10.00
# Visual Studio 2008
Project("{8BC9CEB8-8B4A-11D0-8D11-00A0C91BC942}") = "CppStringDemo", "CppStringDemo\CppStringDemo.vcproj", "{B9482810-5EDE-4D79-9E03-E77D3DFE30DC}"
EndProject
Project("{8BC9CEB8-8B4A-11D0-8D11-00A0C91BC942}") = "CppSTLDemo", "CppSTLDemo\CppSTLDemo.vcproj", "{7055F0BA-31CF-43D1-9300-FBC9796BC228}"
EndProject
Project("{8BC9CEB8-8B4A-11D0-8D11-00A0C91BC942}") = "MutilRandom", "MutilRandom\MutilRandom.vcproj", "{7C19FD4E-4C65-4653-9B5B-FC6FD00B9AD1}"
EndProject
Project("{8BC9CEB8-8B4A-11D0-8D11-00A0C91BC942}") = "ThreadTimer", "ThreadTimer\ThreadTimer.vcproj", "{3327C3C3-B728-4F82-AC41-5272C433C86F}"
EndProject
Global
	GlobalSection(SolutionConfigurationPlatforms) = preSolution
		Debug|Win32 = Debug|Win32
		Release|Win32 = Release|Win32
	EndGlobalSection
	GlobalSection(ProjectConfigurationPlatforms) = postSolution
		{B9482810-5EDE-4D79-9E03-E77D3DFE30DC}.Debug|Win32.ActiveCfg = Debug|Win32
		{B9482810-5EDE-4D79-9E03-E77D3DFE30DC}.Debug|Win32.Build.0 = Debug|Win32
		{B9482810-5EDE-4D79-9E03-E77D3DFE30DC}.Release|Win32.ActiveCfg = Release|Win32
		{B9482810-5EDE-4D79-9E03-E77D3DFE30DC}.Release|Win32.Build.0 = Release|Win32
		{7055F0BA-31CF-43D1-9300-FBC9796BC228}.Debug|Win32.ActiveCfg = Debug|Win32
		{7055F0BA-31CF-43D1-9300-FBC9796BC228}.Debug|Win32.Build.0 = Debug|Win32
		{7055F0BA-31CF-43D1-9300-FBC9796BC228}.Release|Win32.ActiveCfg = Release|Win32
		{7055F0BA-31CF-43D1-9300-FBC9796BC228}.Release|Win32.Build.0 = Release|Win32
		{7C19FD4E-4C65-4653-9B5B-FC6FD00B9AD1}.Debug|Win32.ActiveCfg = Debug|Win32
		{7C19FD4E-4C65-4653-9B5B-FC6FD00B9AD1}.Debug|Win32.Build.0 = Debug|Win32
		{7C19FD4E-4C65-4653-9B5B-FC6FD00B9AD1}.Release|Win32.ActiveCfg = Release|Win32
		{7C19FD4E-4C65-4653-9B5B-FC6FD00B9AD1}.Release|Win32.Build.0 = Release|Win32
		{3327C3C3-B728-4F82-AC41-5272C433C86F}.Debug|Win32.ActiveCfg = Debug|Win32
		{3327C3C3-B728-4F82-AC41-5272C433C86F}.Debug|Win32.Build.0 = Debug|Win32
		{3327C3C3-B728-4F82-AC41-5272C433C86F}.Release|Win32.ActiveCfg = Release|Win32
		{3327C3C3-B728-4F82-AC41-5272C433C86F}.Release|Win32.Build.0 = Release|Win32
	EndGlobalSection
	GlobalSection(SolutionProperties) = preSolution
		HideSolutionNode = FALSE
	EndGlobalSection
EndGlobal
